
Microsoft Visual Studio Solution File, Format Version 12.00
# Visual Studio 15
VisualStudioVersion = 15.0.28307.779
MinimumVisualStudioVersion = 10.0.40219.1
Project("{FAE04EC0-301F-11D3-BF4B-00C04F79EFBC}") = "WebApplication4", "WebApplication4\WebApplication4.csproj", "{B9F11139-A049-44EF-8572-F1E836AF88BB}"
EndProject
Global
	GlobalSection(SolutionConfigurationPlatforms) = preSolution
		Debug|Any CPU = Debug|Any CPU
		Release|Any CPU = Release|Any CPU
	EndGlobalSection
	GlobalSection(ProjectConfigurationPlatforms) = postSolution
		{B9F11139-A049-44EF-8572-F1E836AF88BB}.Debug|Any CPU.ActiveCfg = Debug|Any CPU
		{B9F11139-A049-44EF-8572-F1E836AF88BB}.Debug|Any CPU.Build.0 = Debug|Any CPU
		{B9F11139-A049-44EF-8572-F1E836AF88BB}.Release|Any CPU.ActiveCfg = Release|Any CPU
		{B9F11139-A049-44EF-8572-F1E836AF88BB}.Release|Any CPU.Build.0 = Release|Any CPU
	EndGlobalSection
	GlobalSection(SolutionProperties) = preSolution
		HideSolutionNode = FALSE
	EndGlobalSection
	GlobalSection(ExtensibilityGlobals) = postSolution
		SolutionGuid = {49EAE290-97D4-4B9E-8F8A-817CD01CA062}
	EndGlobalSection
EndGlobal
